
Microsoft Visual Studio Solution File, Format Version 12.00
# Visual Studio 14
VisualStudioVersion = 14.0.25420.1
MinimumVisualStudioVersion = 10.0.40219.1
Project("{2150E333-8FDC-42A3-9474-1A3956D46DE8}") = "Solution Items", "Solution Items", "{B75D944A-6385-4188-9D38-CE46D313B020}"
EndProject
Project("{FAE04EC0-301F-11D3-BF4B-00C04F79EFBC}") = "NLedger.Core", "NLedger\NLedger.Core.csproj", "{EAE968FB-161B-4567-BAC4-3905211BA5BE}"
EndProject
Project("{FAE04EC0-301F-11D3-BF4B-00C04F79EFBC}") = "NLedger.CLI.Core", "NLedger.CLI\NLedger.CLI.Core.csproj", "{3E33AA57-0B5C-4BA6-8255-2FE7417384AE}"
EndProject
Project("{FAE04EC0-301F-11D3-BF4B-00C04F79EFBC}") = "NLedger.IntegrationTests.Core", "NLedger.IntegrationTests\NLedger.IntegrationTests.Core.csproj", "{D384B7BF-B478-4828-9930-B393B01EDAD4}"
EndProject
Project("{FAE04EC0-301F-11D3-BF4B-00C04F79EFBC}") = "NLedger.Tests.Core", "NLedger.Tests\NLedger.Tests.Core.csproj", "{D571EBD6-E95D-4D49-B169-CDA00CC5DC20}"
EndProject
Global
	GlobalSection(SolutionConfigurationPlatforms) = preSolution
		Debug|Any CPU = Debug|Any CPU
		Release|Any CPU = Release|Any CPU
	EndGlobalSection
	GlobalSection(ProjectConfigurationPlatforms) = postSolution
		{EAE968FB-161B-4567-BAC4-3905211BA5BE}.Debug|Any CPU.ActiveCfg = Debug|Any CPU
		{EAE968FB-161B-4567-BAC4-3905211BA5BE}.Debug|Any CPU.Build.0 = Debug|Any CPU
		{EAE968FB-161B-4567-BAC4-3905211BA5BE}.Release|Any CPU.ActiveCfg = Release|Any CPU
		{EAE968FB-161B-4567-BAC4-3905211BA5BE}.Release|Any CPU.Build.0 = Release|Any CPU
		{3E33AA57-0B5C-4BA6-8255-2FE7417384AE}.Debug|Any CPU.ActiveCfg = Debug|Any CPU
		{3E33AA57-0B5C-4BA6-8255-2FE7417384AE}.Debug|Any CPU.Build.0 = Debug|Any CPU
		{3E33AA57-0B5C-4BA6-8255-2FE7417384AE}.Release|Any CPU.ActiveCfg = Release|Any CPU
		{3E33AA57-0B5C-4BA6-8255-2FE7417384AE}.Release|Any CPU.Build.0 = Release|Any CPU
		{D384B7BF-B478-4828-9930-B393B01EDAD4}.Debug|Any CPU.ActiveCfg = Debug|Any CPU
		{D384B7BF-B478-4828-9930-B393B01EDAD4}.Debug|Any CPU.Build.0 = Debug|Any CPU
		{D384B7BF-B478-4828-9930-B393B01EDAD4}.Release|Any CPU.ActiveCfg = Release|Any CPU
		{D384B7BF-B478-4828-9930-B393B01EDAD4}.Release|Any CPU.Build.0 = Release|Any CPU
		{D571EBD6-E95D-4D49-B169-CDA00CC5DC20}.Debug|Any CPU.ActiveCfg = Debug|Any CPU
		{D571EBD6-E95D-4D49-B169-CDA00CC5DC20}.Debug|Any CPU.Build.0 = Debug|Any CPU
		{D571EBD6-E95D-4D49-B169-CDA00CC5DC20}.Release|Any CPU.ActiveCfg = Release|Any CPU
		{D571EBD6-E95D-4D49-B169-CDA00CC5DC20}.Release|Any CPU.Build.0 = Release|Any CPU
	EndGlobalSection
	GlobalSection(SolutionProperties) = preSolution
		HideSolutionNode = FALSE
	EndGlobalSection
	GlobalSection(TeamFoundationVersionControl) = preSolution
		SccNumberOfProjects = 5
		SccEnterpriseProvider = {4CA58AB2-18FA-4F8D-95D4-32DDF27D184C}
		SccTeamFoundationServer = https://dmerzlyakov.visualstudio.com/
		SccLocalPath0 = .
		SccProjectUniqueName1 = NLedger\\NLedger.csproj
		SccProjectName1 = NLedger
		SccLocalPath1 = NLedger
		SccProjectUniqueName2 = NLedger.Tests\\NLedger.Tests.csproj
		SccProjectName2 = NLedger.Tests
		SccLocalPath2 = NLedger.Tests
		SccProjectUniqueName3 = NLedger.CLI\\NLedger.CLI.csproj
		SccProjectName3 = NLedger.CLI
		SccLocalPath3 = NLedger.CLI
		SccProjectUniqueName4 = NLedger.IntegrationTests\\NLedger.IntegrationTests.csproj
		SccProjectName4 = NLedger.IntegrationTests
		SccLocalPath4 = NLedger.IntegrationTests
	EndGlobalSection
EndGlobal
